
Microsoft Visual Studio Solution File, Format Version 12.00
# Visual Studio Version 17
VisualStudioVersion = 17.2.32516.85
MinimumVisualStudioVersion = 10.0.40219.1
Project("{9A19103F-16F7-4668-BE54-9A1E7A4F7556}") = "Lab01Fraction", "Lab01Fraction\Lab01Fraction.csproj", "{EFCE93CE-E188-4671-8C33-3EE05ED6E849}"
EndProject
Project("{FAE04EC0-301F-11D3-BF4B-00C04F79EFBC}") = "UłamekTest", "UłamekTest\UłamekTest.csproj", "{907D1631-5950-4DFA-8E24-BDA43DA12C53}"
EndProject
Global
	GlobalSection(SolutionConfigurationPlatforms) = preSolution
		Debug|Any CPU = Debug|Any CPU
		Release|Any CPU = Release|Any CPU
	EndGlobalSection
	GlobalSection(ProjectConfigurationPlatforms) = postSolution
		{EFCE93CE-E188-4671-8C33-3EE05ED6E849}.Debug|Any CPU.ActiveCfg = Debug|Any CPU
		{EFCE93CE-E188-4671-8C33-3EE05ED6E849}.Debug|Any CPU.Build.0 = Debug|Any CPU
		{EFCE93CE-E188-4671-8C33-3EE05ED6E849}.Release|Any CPU.ActiveCfg = Release|Any CPU
		{EFCE93CE-E188-4671-8C33-3EE05ED6E849}.Release|Any CPU.Build.0 = Release|Any CPU
		{907D1631-5950-4DFA-8E24-BDA43DA12C53}.Debug|Any CPU.ActiveCfg = Debug|Any CPU
		{907D1631-5950-4DFA-8E24-BDA43DA12C53}.Debug|Any CPU.Build.0 = Debug|Any CPU
		{907D1631-5950-4DFA-8E24-BDA43DA12C53}.Release|Any CPU.ActiveCfg = Release|Any CPU
		{907D1631-5950-4DFA-8E24-BDA43DA12C53}.Release|Any CPU.Build.0 = Release|Any CPU
	EndGlobalSection
	GlobalSection(SolutionProperties) = preSolution
		HideSolutionNode = FALSE
	EndGlobalSection
	GlobalSection(ExtensibilityGlobals) = postSolution
		SolutionGuid = {156714CC-4E09-400A-A4B1-A443D8F3996F}
	EndGlobalSection
EndGlobal
